{
  "name": "sgg",
  "lockfileVersion": 2,
  "requires": true,
  "packages": {
    "": {
      "dependencies": {
        "gitbook-plugin-ancre-navigation": "^1.0.0",
        "gitbook-plugin-chapter-fold": "^0.0.4",
        "gitbook-plugin-expandable-chapters": "^0.2.0",
        "gitbook-plugin-favicon": "^0.0.2",
        "gitbook-plugin-hide-element": "^0.0.4",
        "gitbook-plugin-lightbox": "^1.2.0",
        "gitbook-plugin-lunr": "^1.2.0",
        "gitbook-plugin-pageview-count": "^1.0.1",
        "gitbook-plugin-splitter": "^0.0.8"
      }
    },
    "node_modules/boolbase": {
      "version": "1.0.0",
      "resolved": "https://registry.npm.taobao.org/boolbase/download/boolbase-1.0.0.tgz",
      "integrity": "sha1-aN/1++YMUes3cl6p4+0xDcwed24="
    },
    "node_modules/cheerio": {
      "version": "1.0.0-rc.5",
      "resolved": "https://registry.npm.taobao.org/cheerio/download/cheerio-1.0.0-rc.5.tgz",
      "integrity": "sha1-iJB+GChnTo+f7jdRiLJ9rdTw+i8=",
      "dependencies": {
        "cheerio-select-tmp": "^0.1.0",
        "dom-serializer": "~1.2.0",
        "domhandler": "^4.0.0",
        "entities": "~2.1.0",
        "htmlparser2": "^6.0.0",
        "parse5": "^6.0.0",
        "parse5-htmlparser2-tree-adapter": "^6.0.0"
      },
      "engines": {
        "node": ">= 0.12"
      }
    },
    "node_modules/cheerio-select-tmp": {
      "version": "0.1.1",
      "resolved": "https://registry.npm.taobao.org/cheerio-select-tmp/download/cheerio-select-tmp-0.1.1.tgz",
      "integrity": "sha1-VbvvAqR3FxAZWtc21eNGdjyk5kY=",
      "deprecated": "Use cheerio-select instead",
      "dependencies": {
        "css-select": "^3.1.2",
        "css-what": "^4.0.0",
        "domelementtype": "^2.1.0",
        "domhandler": "^4.0.0",
        "domutils": "^2.4.4"
      }
    },
    "node_modules/colors": {
      "version": "1.4.0",
      "resolved": "https://registry.npm.taobao.org/colors/download/colors-1.4.0.tgz",
      "integrity": "sha1-xQSRR51MG9rtLJztMs98fcI2D3g=",
      "engines": {
        "node": ">=0.1.90"
      }
    },
    "node_modules/css-select": {
      "version": "3.1.2",
      "resolved": "https://registry.npm.taobao.org/css-select/download/css-select-3.1.2.tgz",
      "integrity": "sha1-1Sy9xv7jefupf7DTklq70Yry2dg=",
      "dependencies": {
        "boolbase": "^1.0.0",
        "css-what": "^4.0.0",
        "domhandler": "^4.0.0",
        "domutils": "^2.4.3",
        "nth-check": "^2.0.0"
      }
    },
    "node_modules/css-what": {
      "version": "4.0.0",
      "resolved": "https://registry.npm.taobao.org/css-what/download/css-what-4.0.0.tgz?cache=0&sync_timestamp=1615262748034&other_urls=https%3A%2F%2Fregistry.npm.taobao.org%2Fcss-what%2Fdownload%2Fcss-what-4.0.0.tgz",
      "integrity": "sha1-Nec3Ycqy7rPTZhEmsj16oOhDIjM=",
      "engines": {
        "node": ">= 6"
      }
    },
    "node_modules/dom-serializer": {
      "version": "1.2.0",
      "resolved": "https://registry.npm.taobao.org/dom-serializer/download/dom-serializer-1.2.0.tgz?cache=0&other_urls=https%3A%2F%2Fregistry.npm.taobao.org%2Fdom-serializer%2Fdownload%2Fdom-serializer-1.2.0.tgz",
      "integrity": "sha1-NDPZE2rrPGJ5gdqjhfx/MtJ8SPE=",
      "dependencies": {
        "domelementtype": "^2.0.1",
        "domhandler": "^4.0.0",
        "entities": "^2.0.0"
      }
    },
    "node_modules/domelementtype": {
      "version": "2.1.0",
      "resolved": "https://registry.npm.taobao.org/domelementtype/download/domelementtype-2.1.0.tgz",
      "integrity": "sha1-qFHAgKbRw9lDRK7RUdmfZp7fWF4="
    },
    "node_modules/domhandler": {
      "version": "4.0.0",
      "resolved": "https://registry.npm.taobao.org/domhandler/download/domhandler-4.0.0.tgz",
      "integrity": "sha1-Aep4Id6ZbYX2kCnoH6hzwhgzCY4=",
      "dependencies": {
        "domelementtype": "^2.1.0"
      },
      "engines": {
        "node": ">= 4"
      }
    },
    "node_modules/domutils": {
      "version": "2.5.0",
      "resolved": "https://registry.npm.taobao.org/domutils/download/domutils-2.5.0.tgz?cache=0&sync_timestamp=1615420358374&other_urls=https%3A%2F%2Fregistry.npm.taobao.org%2Fdomutils%2Fdownload%2Fdomutils-2.5.0.tgz",
      "integrity": "sha1-QvSc/9q7kq0kMnizMf12HBwtMDk=",
      "dependencies": {
        "dom-serializer": "^1.0.1",
        "domelementtype": "^2.0.1",
        "domhandler": "^4.0.0"
      }
    },
    "node_modules/entities": {
      "version": "2.1.0",
      "resolved": "https://registry.npm.taobao.org/entities/download/entities-2.1.0.tgz?cache=0&sync_timestamp=1611535415577&other_urls=https%3A%2F%2Fregistry.npm.taobao.org%2Fentities%2Fdownload%2Fentities-2.1.0.tgz",
      "integrity": "sha1-mS0xKc999ocLlsV4WMJJoSD4uLU="
    },
    "node_modules/gitbook-plugin-ancre-navigation": {
      "version": "1.0.0",
      "resolved": "https://registry.npm.taobao.org/gitbook-plugin-ancre-navigation/download/gitbook-plugin-ancre-navigation-1.0.0.tgz",
      "integrity": "sha1-lkZf4fiV3Z/DJhnC4AhpBl38rUc=",
      "dependencies": {
        "cheerio": "*",
        "colors": "^1.1.2",
        "github-slugid": "1.0.1"
      },
      "engines": {
        "gitbook": ">=3.0.0"
      }
    },
    "node_modules/gitbook-plugin-chapter-fold": {
      "version": "0.0.4",
      "resolved": "https://registry.npm.taobao.org/gitbook-plugin-chapter-fold/download/gitbook-plugin-chapter-fold-0.0.4.tgz",
      "integrity": "sha1-3NWiH4C8vJjAiEGXdMOXrm1EY+8=",
      "engines": {
        "gitbook": ">=1.0.0"
      }
    },
    "node_modules/gitbook-plugin-expandable-chapters": {
      "version": "0.2.0",
      "resolved": "https://registry.npm.taobao.org/gitbook-plugin-expandable-chapters/download/gitbook-plugin-expandable-chapters-0.2.0.tgz",
      "integrity": "sha1-RdcIeuaQekH0gSjFT+ViJKnBraI=",
      "engines": {
        "gitbook": ">=0.4.6"
      }
    },
    "node_modules/gitbook-plugin-favicon": {
      "version": "0.0.2",
      "resolved": "https://registry.npm.taobao.org/gitbook-plugin-favicon/download/gitbook-plugin-favicon-0.0.2.tgz",
      "integrity": "sha1-s+QWQvFSr8bEU1/ZtjXf4xtMh3I=",
      "engines": {
        "gitbook": "*"
      }
    },
    "node_modules/gitbook-plugin-hide-element": {
      "version": "0.0.4",
      "resolved": "https://registry.npm.taobao.org/gitbook-plugin-hide-element/download/gitbook-plugin-hide-element-0.0.4.tgz",
      "integrity": "sha1-k6Pedq7r1TUmFZfSV/cYdvDR3DQ=",
      "engines": {
        "gitbook": "*"
      }
    },
    "node_modules/gitbook-plugin-lightbox": {
      "version": "1.2.0",
      "resolved": "https://registry.npm.taobao.org/gitbook-plugin-lightbox/download/gitbook-plugin-lightbox-1.2.0.tgz",
      "integrity": "sha1-wNyK8AasZuQV2V7CtdqsW4gJzSs=",
      "dependencies": {
        "cheerio": "^1.0.0-rc.2",
        "uuid": "^3.3.2"
      },
      "engines": {
        "gitbook": ">2.x.x"
      }
    },
    "node_modules/gitbook-plugin-lunr": {
      "version": "1.2.0",
      "resolved": "https://registry.npm.taobao.org/gitbook-plugin-lunr/download/gitbook-plugin-lunr-1.2.0.tgz",
      "integrity": "sha1-8+gOx2US+9t16wUkqoK43/EqUKs=",
      "dependencies": {
        "gitbook-plugin-search": "*",
        "html-entities": "1.2.0",
        "lunr": "0.5.12"
      },
      "engines": {
        "gitbook": ">=3.0.0-pre.0"
      }
    },
    "node_modules/gitbook-plugin-pageview-count": {
      "version": "1.0.1",
      "resolved": "https://registry.npm.taobao.org/gitbook-plugin-pageview-count/download/gitbook-plugin-pageview-count-1.0.1.tgz",
      "integrity": "sha1-38W0u5KQ9QMAXyhVnQcRQl1vlME=",
      "engines": {
        "gitbook": ">=3.1.1"
      }
    },
    "node_modules/gitbook-plugin-search": {
      "version": "2.2.1",
      "resolved": "https://registry.npm.taobao.org/gitbook-plugin-search/download/gitbook-plugin-search-2.2.1.tgz",
      "integrity": "sha1-bSW1p3aZD6mP39+jfeMx944PaxM=",
      "engines": {
        "gitbook": ">=3.0.0-pre.0"
      }
    },
    "node_modules/gitbook-plugin-splitter": {
      "version": "0.0.8",
      "resolved": "https://registry.npm.taobao.org/gitbook-plugin-splitter/download/gitbook-plugin-splitter-0.0.8.tgz",
      "integrity": "sha1-8rBRMGD8kma0awQYLk7KHUtx+vw=",
      "engines": {
        "gitbook": ">1.x.x"
      }
    },
    "node_modules/github-slugid": {
      "version": "1.0.1",
      "resolved": "https://registry.npm.taobao.org/github-slugid/download/github-slugid-1.0.1.tgz",
      "integrity": "sha1-vM3QgVv61p2KNZ+k/WWUfWBuw8A="
    },
    "node_modules/html-entities": {
      "version": "1.2.0",
      "resolved": "https://registry.npm.taobao.org/html-entities/download/html-entities-1.2.0.tgz",
      "integrity": "sha1-QZSMr4XOgv7Tbk5qDtNxpmZDeeI=",
      "engines": [
        "node >= 0.4.0"
      ]
    },
    "node_modules/htmlparser2": {
      "version": "6.0.1",
      "resolved": "https://registry.npm.taobao.org/htmlparser2/download/htmlparser2-6.0.1.tgz",
      "integrity": "sha1-QiUhIx721C5WvUEdqLpAqjbpFEY=",
      "dependencies": {
        "domelementtype": "^2.0.1",
        "domhandler": "^4.0.0",
        "domutils": "^2.4.4",
        "entities": "^2.0.0"
      }
    },
    "node_modules/lunr": {
      "version": "0.5.12",
      "resolved": "https://registry.npm.taobao.org/lunr/download/lunr-0.5.12.tgz",
      "integrity": "sha1-ova314AcvizLFpbaZ/H3eI+J4Mg="
    },
    "node_modules/nth-check": {
      "version": "2.0.0",
      "resolved": "https://registry.npm.taobao.org/nth-check/download/nth-check-2.0.0.tgz",
      "integrity": "sha1-G7T22scAcvwxPoyc0UF7UHTAoSU=",
      "dependencies": {
        "boolbase": "^1.0.0"
      }
    },
    "node_modules/parse5": {
      "version": "6.0.1",
      "resolved": "https://registry.npm.taobao.org/parse5/download/parse5-6.0.1.tgz",
      "integrity": "sha1-4aHAhcVps9wIMhGE8Zo5zCf3wws="
    },
    "node_modules/parse5-htmlparser2-tree-adapter": {
      "version": "6.0.1",
      "resolved": "https://registry.npm.taobao.org/parse5-htmlparser2-tree-adapter/download/parse5-htmlparser2-tree-adapter-6.0.1.tgz",
      "integrity": "sha1-LN+a2CMyEUA3DU2/XT6Sx8jdxuY=",
      "dependencies": {
        "parse5": "^6.0.1"
      }
    },
    "node_modules/uuid": {
      "version": "3.4.0",
      "resolved": "https://registry.npm.taobao.org/uuid/download/uuid-3.4.0.tgz",
      "integrity": "sha1-sj5DWK+oogL+ehAK8fX4g/AgB+4=",
      "bin": {
        "uuid": "bin/uuid"
      }
    }
  },
  "dependencies": {
    "boolbase": {
      "version": "1.0.0",
      "resolved": "https://registry.npm.taobao.org/boolbase/download/boolbase-1.0.0.tgz",
      "integrity": "sha1-aN/1++YMUes3cl6p4+0xDcwed24="
    },
    "cheerio": {
      "version": "1.0.0-rc.5",
      "resolved": "https://registry.npm.taobao.org/cheerio/download/cheerio-1.0.0-rc.5.tgz",
      "integrity": "sha1-iJB+GChnTo+f7jdRiLJ9rdTw+i8=",
      "requires": {
        "cheerio-select-tmp": "^0.1.0",
        "dom-serializer": "~1.2.0",
        "domhandler": "^4.0.0",
        "entities": "~2.1.0",
        "htmlparser2": "^6.0.0",
        "parse5": "^6.0.0",
        "parse5-htmlparser2-tree-adapter": "^6.0.0"
      }
    },
    "cheerio-select-tmp": {
      "version": "0.1.1",
      "resolved": "https://registry.npm.taobao.org/cheerio-select-tmp/download/cheerio-select-tmp-0.1.1.tgz",
      "integrity": "sha1-VbvvAqR3FxAZWtc21eNGdjyk5kY=",
      "requires": {
        "css-select": "^3.1.2",
        "css-what": "^4.0.0",
        "domelementtype": "^2.1.0",
        "domhandler": "^4.0.0",
        "domutils": "^2.4.4"
      }
    },
    "colors": {
      "version": "1.4.0",
      "resolved": "https://registry.npm.taobao.org/colors/download/colors-1.4.0.tgz",
      "integrity": "sha1-xQSRR51MG9rtLJztMs98fcI2D3g="
    },
    "css-select": {
      "version": "3.1.2",
      "resolved": "https://registry.npm.taobao.org/css-select/download/css-select-3.1.2.tgz",
      "integrity": "sha1-1Sy9xv7jefupf7DTklq70Yry2dg=",
      "requires": {
        "boolbase": "^1.0.0",
        "css-what": "^4.0.0",
        "domhandler": "^4.0.0",
        "domutils": "^2.4.3",
        "nth-check": "^2.0.0"
      }
    },
    "css-what": {
      "version": "4.0.0",
      "resolved": "https://registry.npm.taobao.org/css-what/download/css-what-4.0.0.tgz?cache=0&sync_timestamp=1615262748034&other_urls=https%3A%2F%2Fregistry.npm.taobao.org%2Fcss-what%2Fdownload%2Fcss-what-4.0.0.tgz",
      "integrity": "sha1-Nec3Ycqy7rPTZhEmsj16oOhDIjM="
    },
    "dom-serializer": {
      "version": "1.2.0",
      "resolved": "https://registry.npm.taobao.org/dom-serializer/download/dom-serializer-1.2.0.tgz?cache=0&other_urls=https%3A%2F%2Fregistry.npm.taobao.org%2Fdom-serializer%2Fdownload%2Fdom-serializer-1.2.0.tgz",
      "integrity": "sha1-NDPZE2rrPGJ5gdqjhfx/MtJ8SPE=",
      "requires": {
        "domelementtype": "^2.0.1",
        "domhandler": "^4.0.0",
        "entities": "^2.0.0"
      }
    },
    "domelementtype": {
      "version": "2.1.0",
      "resolved": "https://registry.npm.taobao.org/domelementtype/download/domelementtype-2.1.0.tgz",
      "integrity": "sha1-qFHAgKbRw9lDRK7RUdmfZp7fWF4="
    },
    "domhandler": {
      "version": "4.0.0",
      "resolved": "https://registry.npm.taobao.org/domhandler/download/domhandler-4.0.0.tgz",
      "integrity": "sha1-Aep4Id6ZbYX2kCnoH6hzwhgzCY4=",
      "requires": {
        "domelementtype": "^2.1.0"
      }
    },
    "domutils": {
      "version": "2.5.0",
      "resolved": "https://registry.npm.taobao.org/domutils/download/domutils-2.5.0.tgz?cache=0&sync_timestamp=1615420358374&other_urls=https%3A%2F%2Fregistry.npm.taobao.org%2Fdomutils%2Fdownload%2Fdomutils-2.5.0.tgz",
      "integrity": "sha1-QvSc/9q7kq0kMnizMf12HBwtMDk=",
      "requires": {
        "dom-serializer": "^1.0.1",
        "domelementtype": "^2.0.1",
        "domhandler": "^4.0.0"
      }
    },
    "entities": {
      "version": "2.1.0",
      "resolved": "https://registry.npm.taobao.org/entities/download/entities-2.1.0.tgz?cache=0&sync_timestamp=1611535415577&other_urls=https%3A%2F%2Fregistry.npm.taobao.org%2Fentities%2Fdownload%2Fentities-2.1.0.tgz",
      "integrity": "sha1-mS0xKc999ocLlsV4WMJJoSD4uLU="
    },
    "gitbook-plugin-ancre-navigation": {
      "version": "1.0.0",
      "resolved": "https://registry.npm.taobao.org/gitbook-plugin-ancre-navigation/download/gitbook-plugin-ancre-navigation-1.0.0.tgz",
      "integrity": "sha1-lkZf4fiV3Z/DJhnC4AhpBl38rUc=",
      "requires": {
        "cheerio": "*",
        "colors": "^1.1.2",
        "github-slugid": "1.0.1"
      }
    },
    "gitbook-plugin-chapter-fold": {
      "version": "0.0.4",
      "resolved": "https://registry.npm.taobao.org/gitbook-plugin-chapter-fold/download/gitbook-plugin-chapter-fold-0.0.4.tgz",
      "integrity": "sha1-3NWiH4C8vJjAiEGXdMOXrm1EY+8="
    },
    "gitbook-plugin-expandable-chapters": {
      "version": "0.2.0",
      "resolved": "https://registry.npm.taobao.org/gitbook-plugin-expandable-chapters/download/gitbook-plugin-expandable-chapters-0.2.0.tgz",
      "integrity": "sha1-RdcIeuaQekH0gSjFT+ViJKnBraI="
    },
    "gitbook-plugin-favicon": {
      "version": "0.0.2",
      "resolved": "https://registry.npm.taobao.org/gitbook-plugin-favicon/download/gitbook-plugin-favicon-0.0.2.tgz",
      "integrity": "sha1-s+QWQvFSr8bEU1/ZtjXf4xtMh3I="
    },
    "gitbook-plugin-hide-element": {
      "version": "0.0.4",
      "resolved": "https://registry.npm.taobao.org/gitbook-plugin-hide-element/download/gitbook-plugin-hide-element-0.0.4.tgz",
      "integrity": "sha1-k6Pedq7r1TUmFZfSV/cYdvDR3DQ="
    },
    "gitbook-plugin-lightbox": {
      "version": "1.2.0",
      "resolved": "https://registry.npm.taobao.org/gitbook-plugin-lightbox/download/gitbook-plugin-lightbox-1.2.0.tgz",
      "integrity": "sha1-wNyK8AasZuQV2V7CtdqsW4gJzSs=",
      "requires": {
        "cheerio": "^1.0.0-rc.2",
        "uuid": "^3.3.2"
      }
    },
    "gitbook-plugin-lunr": {
      "version": "1.2.0",
      "resolved": "https://registry.npm.taobao.org/gitbook-plugin-lunr/download/gitbook-plugin-lunr-1.2.0.tgz",
      "integrity": "sha1-8+gOx2US+9t16wUkqoK43/EqUKs=",
      "requires": {
        "gitbook-plugin-search": "*",
        "html-entities": "1.2.0",
        "lunr": "0.5.12"
      }
    },
    "gitbook-plugin-pageview-count": {
      "version": "1.0.1",
      "resolved": "https://registry.npm.taobao.org/gitbook-plugin-pageview-count/download/gitbook-plugin-pageview-count-1.0.1.tgz",
      "integrity": "sha1-38W0u5KQ9QMAXyhVnQcRQl1vlME="
    },
    "gitbook-plugin-search": {
      "version": "2.2.1",
      "resolved": "https://registry.npm.taobao.org/gitbook-plugin-search/download/gitbook-plugin-search-2.2.1.tgz",
      "integrity": "sha1-bSW1p3aZD6mP39+jfeMx944PaxM="
    },
    "gitbook-plugin-splitter": {
      "version": "0.0.8",
      "resolved": "https://registry.npm.taobao.org/gitbook-plugin-splitter/download/gitbook-plugin-splitter-0.0.8.tgz",
      "integrity": "sha1-8rBRMGD8kma0awQYLk7KHUtx+vw="
    },
    "github-slugid": {
      "version": "1.0.1",
      "resolved": "https://registry.npm.taobao.org/github-slugid/download/github-slugid-1.0.1.tgz",
      "integrity": "sha1-vM3QgVv61p2KNZ+k/WWUfWBuw8A="
    },
    "html-entities": {
      "version": "1.2.0",
      "resolved": "https://registry.npm.taobao.org/html-entities/download/html-entities-1.2.0.tgz",
      "integrity": "sha1-QZSMr4XOgv7Tbk5qDtNxpmZDeeI="
    },
    "htmlparser2": {
      "version": "6.0.1",
      "resolved": "https://registry.npm.taobao.org/htmlparser2/download/htmlparser2-6.0.1.tgz",
      "integrity": "sha1-QiUhIx721C5WvUEdqLpAqjbpFEY=",
      "requires": {
        "domelementtype": "^2.0.1",
        "domhandler": "^4.0.0",
        "domutils": "^2.4.4",
        "entities": "^2.0.0"
      }
    },
    "lunr": {
      "version": "0.5.12",
      "resolved": "https://registry.npm.taobao.org/lunr/download/lunr-0.5.12.tgz",
      "integrity": "sha1-ova314AcvizLFpbaZ/H3eI+J4Mg="
    },
    "nth-check": {
      "version": "2.0.0",
      "resolved": "https://registry.npm.taobao.org/nth-check/download/nth-check-2.0.0.tgz",
      "integrity": "sha1-G7T22scAcvwxPoyc0UF7UHTAoSU=",
      "requires": {
        "boolbase": "^1.0.0"
      }
    },
    "parse5": {
      "version": "6.0.1",
      "resolved": "https://registry.npm.taobao.org/parse5/download/parse5-6.0.1.tgz",
      "integrity": "sha1-4aHAhcVps9wIMhGE8Zo5zCf3wws="
    },
    "parse5-htmlparser2-tree-adapter": {
      "version": "6.0.1",
      "resolved": "https://registry.npm.taobao.org/parse5-htmlparser2-tree-adapter/download/parse5-htmlparser2-tree-adapter-6.0.1.tgz",
      "integrity": "sha1-LN+a2CMyEUA3DU2/XT6Sx8jdxuY=",
      "requires": {
        "parse5": "^6.0.1"
      }
    },
    "uuid": {
      "version": "3.4.0",
      "resolved": "https://registry.npm.taobao.org/uuid/download/uuid-3.4.0.tgz",
      "integrity": "sha1-sj5DWK+oogL+ehAK8fX4g/AgB+4="
    }
  }
}
